{
  "name": "JavaScript-Game-Getter-Project",
  "version": "1.0.0",
  "lockfileVersion": 1,
  "requires": true,
  "dependencies": {
    "@summerkiflain/apicalypse": {
      "version": "0.1.10",
      "resolved": "https://registry.npmjs.org/@summerkiflain/apicalypse/-/apicalypse-0.1.10.tgz",
      "integrity": "sha512-B/beFGuPEbKipUoxeanephc9EMl5mKjszu4MX9WczoGROGM6TgX1E/5lZNK0TDkDNrSWbQrawI00rFI2PWlv3g==",
      "requires": {
        "axios": "^0.21.1",
        "better-queue": "^3.8.10",
        "better-queue-memory": "^1.0.4"
      },
      "dependencies": {
        "axios": {
          "version": "0.21.4",
          "resolved": "https://registry.npmjs.org/axios/-/axios-0.21.4.tgz",
          "integrity": "sha512-ut5vewkiu8jjGBdqpM44XxjuCjq9LAKeHVmoVfHVzy8eHgxxq8SbAVQNovDA8mVi05kP0Ea/n/UzcSHcTJQfNg==",
          "requires": {
            "follow-redirects": "^1.14.0"
          }
        }
      }
    },
    "ansi-regex": {
      "version": "4.1.0",
      "resolved": "https://registry.npmjs.org/ansi-regex/-/ansi-regex-4.1.0.tgz",
      "integrity": "sha512-1apePfXM1UOSqw0o9IiFAovVz9M5S1Dg+4TrDwfMewQ6p/rmMueb7tWZjQ1rx4Loy1ArBggoqGpfqqdI4rondg=="
    },
    "apicalypse": {
      "version": "0.1.9",
      "resolved": "https://registry.npmjs.org/apicalypse/-/apicalypse-0.1.9.tgz",
      "integrity": "sha512-RSGXxVjvSE4DqqK7OY7SI5CWEAwYiOVKl6TjcYitnXu6567xKsQUHUeY81fN3N4WidqZxtIvGSXrbVC2hTNgaw==",
      "requires": {
        "axios": "^0.21.1",
        "better-queue": "^3.8.10",
        "better-queue-memory": "^1.0.4"
      },
      "dependencies": {
        "axios": {
          "version": "0.21.4",
          "resolved": "https://registry.npmjs.org/axios/-/axios-0.21.4.tgz",
          "integrity": "sha512-ut5vewkiu8jjGBdqpM44XxjuCjq9LAKeHVmoVfHVzy8eHgxxq8SbAVQNovDA8mVi05kP0Ea/n/UzcSHcTJQfNg==",
          "requires": {
            "follow-redirects": "^1.14.0"
          }
        }
      }
    },
    "axios": {
      "version": "0.24.0",
      "resolved": "https://registry.npmjs.org/axios/-/axios-0.24.0.tgz",
      "integrity": "sha512-Q6cWsys88HoPgAaFAVUb0WpPk0O8iTeisR9IMqy9G8AbO4NlpVknrnQS03zzF9PGAWgO3cgletO3VjV/P7VztA==",
      "requires": {
        "follow-redirects": "^1.14.4"
      }
    },
    "better-queue": {
      "version": "3.8.10",
      "resolved": "https://registry.npmjs.org/better-queue/-/better-queue-3.8.10.tgz",
      "integrity": "sha512-e3gwNZgDCnNWl0An0Tz6sUjKDV9m6aB+K9Xg//vYeo8+KiH8pWhLFxkawcXhm6FpM//GfD9IQv/kmvWCAVVpKA==",
      "requires": {
        "better-queue-memory": "^1.0.1",
        "node-eta": "^0.9.0",
        "uuid": "^3.0.0"
      }
    },
    "better-queue-memory": {
      "version": "1.0.4",
      "resolved": "https://registry.npmjs.org/better-queue-memory/-/better-queue-memory-1.0.4.tgz",
      "integrity": "sha512-SWg5wFIShYffEmJpI6LgbL8/3Dqhku7xI1oEiy6FroP9DbcZlG0ZDjxvPdP9t7hTGW40IpIcC6zVoGT1oxjOuA=="
    },
    "deepmerge": {
      "version": "4.2.2",
      "resolved": "https://registry.npmjs.org/deepmerge/-/deepmerge-4.2.2.tgz",
      "integrity": "sha512-FJ3UgI4gIl+PHZm53knsuSFpE+nESMr7M4v9QcgB7S63Kj/6WqMiFQJpBBYz1Pt+66bZpP3Q7Lye0Oo9MPKEdg=="
    },
    "follow-redirects": {
      "version": "1.14.5",
      "resolved": "https://registry.npmjs.org/follow-redirects/-/follow-redirects-1.14.5.tgz",
      "integrity": "sha512-wtphSXy7d4/OR+MvIFbCVBDzZ5520qV8XfPklSN5QtxuMUJZ+b0Wnst1e1lCDocfzuCkHqj8k0FpZqO+UIaKNA=="
    },
    "graph": {
      "version": "0.2.0",
      "resolved": "https://registry.npmjs.org/graph/-/graph-0.2.0.tgz",
      "integrity": "sha1-q2CdgzDWoopPICL1hV46j7ZmsA0="
    },
    "igdb-api-node": {
      "version": "5.0.1",
      "resolved": "https://registry.npmjs.org/igdb-api-node/-/igdb-api-node-5.0.1.tgz",
      "integrity": "sha512-74YJX8lUkQnF2CtC+0wxBxzquuSZ1HpoFF5KOz2ziH2Q2l2dgK91lO6NhStHdMMAHYWRPUoTYoAMW59//UPDOQ==",
      "requires": {
        "apicalypse": "^0.1.9",
        "deepmerge": "^4.2.2",
        "is-plain-object": "^4.0.0"
      }
    },
    "is-plain-object": {
      "version": "4.1.1",
      "resolved": "https://registry.npmjs.org/is-plain-object/-/is-plain-object-4.1.1.tgz",
      "integrity": "sha512-5Aw8LLVsDlZsETVMhoMXzqsXwQqr/0vlnBYzIXJbYo2F4yYlhLHs+Ez7Bod7IIQKWkJbJfxrWD7pA1Dw1TKrwA=="
    },
    "node-eta": {
      "version": "0.9.0",
      "resolved": "https://registry.npmjs.org/node-eta/-/node-eta-0.9.0.tgz",
      "integrity": "sha1-n7CwmbzSoCGUDmA8ZCVNwAPZp6g="
    },
    "prompt-sync": {
      "version": "4.2.0",
      "resolved": "https://registry.npmjs.org/prompt-sync/-/prompt-sync-4.2.0.tgz",
      "integrity": "sha512-BuEzzc5zptP5LsgV5MZETjDaKSWfchl5U9Luiu8SKp7iZWD5tZalOxvNcZRwv+d2phNFr8xlbxmFNcRKfJOzJw==",
      "requires": {
        "strip-ansi": "^5.0.0"
      }
    },
    "strip-ansi": {
      "version": "5.2.0",
      "resolved": "https://registry.npmjs.org/strip-ansi/-/strip-ansi-5.2.0.tgz",
      "integrity": "sha512-DuRs1gKbBqsMKIZlrffwlug8MHkcnpjs5VPmL1PAh+mA30U0DTotfDZ0d2UUsXpPmPmMMJ6W773MaA3J+lbiWA==",
      "requires": {
        "ansi-regex": "^4.1.0"
      }
    },
    "tstl": {
      "version": "2.5.1",
      "resolved": "https://registry.npmjs.org/tstl/-/tstl-2.5.1.tgz",
      "integrity": "sha512-z8kNDok/wvYsU6aaPvTCzwHiKKPVQv8XSO/Dd033s4nvEbowkjbXaiqQWV+5fhOexKjKKShWh1HOWoZ23MpuPw=="
    },
    "ug": {
      "version": "0.0.8",
      "resolved": "https://registry.npmjs.org/ug/-/ug-0.0.8.tgz",
      "integrity": "sha1-i1WLP2rj3eaE/M56LMv7CNSGBqk="
    },
    "uuid": {
      "version": "3.4.0",
      "resolved": "https://registry.npmjs.org/uuid/-/uuid-3.4.0.tgz",
      "integrity": "sha512-HjSDRw6gZE5JMggctHBcjVak08+KEVhSIiDzFnT9S9aegmp85S/bReBVTb4QTFaRNptJ9kuYaNhnbNEOkbKb/A=="
    }
  }
}
